{
  "name": "@screeps/backend",
  "version": "3.3.0-beta",
  "lockfileVersion": 3,
  "requires": true,
  "packages": {
    "": {
      "name": "@screeps/backend",
      "version": "3.3.0-beta",
      "license": "ISC",
      "dependencies": {
        "body-parser": "^1.15.2",
        "btoa": "^1.1.2",
        "cookie-parser": "^1.4.3",
        "express": "^4.14.0",
        "express-session": "^1.14.1",
        "lodash": "^3.10.1",
        "passport": "^0.3.2",
        "passport-http": "^0.3.0",
        "passport-token": "^0.2.0",
        "pngjs": "^3.0.0",
        "q": "^1.4.1",
        "q-json-response": "^0.1.3",
        "sockjs": "0.3.24",
        "steam-webapi": "^0.6.5"
      },
      "bin": {
        "screeps-backend": "bin/start.js"
      }
    },
    "node_modules/accepts": {
      "version": "1.3.3",
      "resolved": "https://registry.npmjs.org/accepts/-/accepts-1.3.3.tgz",
      "integrity": "sha1-w8p0NJOGSMPg2cHjKN1otiLChMo=",
      "dependencies": {
        "mime-types": "~2.1.11",
        "negotiator": "0.6.1"
      },
      "engines": {
        "node": ">= 0.6"
      }
    },
    "node_modules/array-flatten": {
      "version": "1.1.1",
      "resolved": "https://registry.npmjs.org/array-flatten/-/array-flatten-1.1.1.tgz",
      "integrity": "sha1-ml9pkFGx5wczKPKgCJaLZOopVdI="
    },
    "node_modules/base64-url": {
      "version": "1.3.2",
      "resolved": "https://registry.npmjs.org/base64-url/-/base64-url-1.3.2.tgz",
      "integrity": "sha1-SwgRO0nSOInzBr5kNydi0xQS96g="
    },
    "node_modules/body-parser": {
      "version": "1.15.2",
      "resolved": "https://registry.npmjs.org/body-parser/-/body-parser-1.15.2.tgz",
      "integrity": "sha1-11eM9PHRHV9uqATO813Hp/9trmc=",
      "dependencies": {
        "bytes": "2.4.0",
        "content-type": "~1.0.2",
        "debug": "~2.2.0",
        "depd": "~1.1.0",
        "http-errors": "~1.5.0",
        "iconv-lite": "0.4.13",
        "on-finished": "~2.3.0",
        "qs": "6.2.0",
        "raw-body": "~2.1.7",
        "type-is": "~1.6.13"
      },
      "engines": {
        "node": ">= 0.8"
      }
    },
    "node_modules/btoa": {
      "version": "1.1.2",
      "resolved": "https://registry.npmjs.org/btoa/-/btoa-1.1.2.tgz",
      "integrity": "sha1-PkC4FmP4HS3WWWpMtxSo3BbPq+A=",
      "bin": {
        "btoa": "bin/btoa.js"
      },
      "engines": {
        "node": ">= 0.4.0"
      }
    },
    "node_modules/bytes": {
      "version": "2.4.0",
      "resolved": "https://registry.npmjs.org/bytes/-/bytes-2.4.0.tgz",
      "integrity": "sha1-fZcZb51br39pNeJZhVSe3SpsIzk="
    },
    "node_modules/content-disposition": {
      "version": "0.5.1",
      "resolved": "https://registry.npmjs.org/content-disposition/-/content-disposition-0.5.1.tgz",
      "integrity": "sha1-h0dsamfI2qh+Muh2Ft+IO6f7Bxs=",
      "engines": {
        "node": ">= 0.6"
      }
    },
    "node_modules/content-type": {
      "version": "1.0.2",
      "resolved": "https://registry.npmjs.org/content-type/-/content-type-1.0.2.tgz",
      "integrity": "sha1-t9ETrueo3Se9IRM8TcJSnfFyHu0=",
      "engines": {
        "node": ">= 0.6"
      }
    },
    "node_modules/cookie": {
      "version": "0.3.1",
      "resolved": "https://registry.npmjs.org/cookie/-/cookie-0.3.1.tgz",
      "integrity": "sha1-5+Ch+e9DtMi6klxcWpboBtFoc7s=",
      "engines": {
        "node": ">= 0.6"
      }
    },
    "node_modules/cookie-parser": {
      "version": "1.4.3",
      "resolved": "https://registry.npmjs.org/cookie-parser/-/cookie-parser-1.4.3.tgz",
      "integrity": "sha1-D+MfoZ0AC5X0qt8fU/3CuKIDuqU=",
      "dependencies": {
        "cookie": "0.3.1",
        "cookie-signature": "1.0.6"
      },
      "engines": {
        "node": ">= 0.8.0"
      }
    },
    "node_modules/cookie-signature": {
      "version": "1.0.6",
      "resolved": "https://registry.npmjs.org/cookie-signature/-/cookie-signature-1.0.6.tgz",
      "integrity": "sha1-4wOogrNCzD7oylE6eZmXNNqzriw="
    },
    "node_modules/crc": {
      "version": "3.4.0",
      "resolved": "https://registry.npmjs.org/crc/-/crc-3.4.0.tgz",
      "integrity": "sha1-QljjUWE6dO8RU9/LBeggw+lxXX8="
    },
    "node_modules/debug": {
      "version": "2.2.0",
      "resolved": "https://registry.npmjs.org/debug/-/debug-2.2.0.tgz",
      "integrity": "sha1-+HBX6ZWxofauaklgZkE3vFbwOdo=",
      "dependencies": {
        "ms": "0.7.1"
      }
    },
    "node_modules/depd": {
      "version": "1.1.0",
      "resolved": "https://registry.npmjs.org/depd/-/depd-1.1.0.tgz",
      "integrity": "sha1-4b2Cxqq2ztlluXuIsX7T5SjKGMM=",
      "engines": {
        "node": ">= 0.6"
      }
    },
    "node_modules/destroy": {
      "version": "1.0.4",
      "resolved": "https://registry.npmjs.org/destroy/-/destroy-1.0.4.tgz",
      "integrity": "sha1-l4hXRCxEdJ5CBmE+N5RiBYJqvYA="
    },
    "node_modules/ee-first": {
      "version": "1.1.1",
      "resolved": "https://registry.npmjs.org/ee-first/-/ee-first-1.1.1.tgz",
      "integrity": "sha1-WQxhFWsK4vTwJVcyoViyZrxWsh0="
    },
    "node_modules/encodeurl": {
      "version": "1.0.1",
      "resolved": "https://registry.npmjs.org/encodeurl/-/encodeurl-1.0.1.tgz",
      "integrity": "sha1-eePVhlU0aQn+bw9Fpd5oEDspTSA=",
      "engines": {
        "node": ">= 0.8"
      }
    },
    "node_modules/escape-html": {
      "version": "1.0.3",
      "resolved": "https://registry.npmjs.org/escape-html/-/escape-html-1.0.3.tgz",
      "integrity": "sha1-Aljq5NPQwJdN4cFpGI7wBR0dGYg="
    },
    "node_modules/etag": {
      "version": "1.7.0",
      "resolved": "https://registry.npmjs.org/etag/-/etag-1.7.0.tgz",
      "integrity": "sha1-A9MLX2fdbmMtKUXTDWZScxo01dg=",
      "engines": {
        "node": ">= 0.6"
      }
    },
    "node_modules/express": {
      "version": "4.14.0",
      "resolved": "https://registry.npmjs.org/express/-/express-4.14.0.tgz",
      "integrity": "sha1-we4/Qs3Ikfs9xlCoki1R7IR9DWY=",
      "dependencies": {
        "accepts": "~1.3.3",
        "array-flatten": "1.1.1",
        "content-disposition": "0.5.1",
        "content-type": "~1.0.2",
        "cookie": "0.3.1",
        "cookie-signature": "1.0.6",
        "debug": "~2.2.0",
        "depd": "~1.1.0",
        "encodeurl": "~1.0.1",
        "escape-html": "~1.0.3",
        "etag": "~1.7.0",
        "finalhandler": "0.5.0",
        "fresh": "0.3.0",
        "merge-descriptors": "1.0.1",
        "methods": "~1.1.2",
        "on-finished": "~2.3.0",
        "parseurl": "~1.3.1",
        "path-to-regexp": "0.1.7",
        "proxy-addr": "~1.1.2",
        "qs": "6.2.0",
        "range-parser": "~1.2.0",
        "send": "0.14.1",
        "serve-static": "~1.11.1",
        "type-is": "~1.6.13",
        "utils-merge": "1.0.0",
        "vary": "~1.1.0"
      },
      "engines": {
        "node": ">= 0.10.0"
      }
    },
    "node_modules/express-session": {
      "version": "1.14.1",
      "resolved": "https://registry.npmjs.org/express-session/-/express-session-1.14.1.tgz",
      "integrity": "sha1-YANk8Pa/Xc4yZJ4AZ3C97ugK7Jk=",
      "dependencies": {
        "cookie": "0.3.1",
        "cookie-signature": "1.0.6",
        "crc": "3.4.0",
        "debug": "~2.2.0",
        "depd": "~1.1.0",
        "on-headers": "~1.0.1",
        "parseurl": "~1.3.1",
        "uid-safe": "~2.1.2",
        "utils-merge": "1.0.0"
      },
      "engines": {
        "node": ">= 0.8.0"
      }
    },
    "node_modules/faye-websocket": {
      "version": "0.11.4",
      "resolved": "https://registry.npmjs.org/faye-websocket/-/faye-websocket-0.11.4.tgz",
      "integrity": "sha512-CzbClwlXAuiRQAlUyfqPgvPoNKTckTPGfwZV4ZdAhVcP2lh9KUxJg2b5GkE7XbjKQ3YJnQ9z6D9ntLAlB+tP8g==",
      "license": "Apache-2.0",
      "dependencies": {
        "websocket-driver": ">=0.5.1"
      },
      "engines": {
        "node": ">=0.8.0"
      }
    },
    "node_modules/finalhandler": {
      "version": "0.5.0",
      "resolved": "https://registry.npmjs.org/finalhandler/-/finalhandler-0.5.0.tgz",
      "integrity": "sha1-6VCKvs6bbbqHGmlCodeRG5GRGsc=",
      "dependencies": {
        "debug": "~2.2.0",
        "escape-html": "~1.0.3",
        "on-finished": "~2.3.0",
        "statuses": "~1.3.0",
        "unpipe": "~1.0.0"
      },
      "engines": {
        "node": ">= 0.8"
      }
    },
    "node_modules/forwarded": {
      "version": "0.1.0",
      "resolved": "https://registry.npmjs.org/forwarded/-/forwarded-0.1.0.tgz",
      "integrity": "sha1-Ge+YdMSuHCl7zweP3mOgm2aoQ2M=",
      "engines": {
        "node": ">= 0.6"
      }
    },
    "node_modules/fresh": {
      "version": "0.3.0",
      "resolved": "https://registry.npmjs.org/fresh/-/fresh-0.3.0.tgz",
      "integrity": "sha1-ZR+DjiJCTnVm3hYdg1jKoZn4PU8=",
      "engines": {
        "node": ">= 0.6"
      }
    },
    "node_modules/http-errors": {
      "version": "1.5.0",
      "resolved": "https://registry.npmjs.org/http-errors/-/http-errors-1.5.0.tgz",
      "integrity": "sha1-scs9gmD9jiOGytMYkEWUM3LUghE=",
      "dependencies": {
        "inherits": "2.0.1",
        "setprototypeof": "1.0.1",
        "statuses": ">= 1.3.0 < 2"
      },
      "engines": {
        "node": ">= 0.6"
      }
    },
    "node_modules/http-parser-js": {
      "version": "0.5.10",
      "resolved": "https://registry.npmjs.org/http-parser-js/-/http-parser-js-0.5.10.tgz",
      "integrity": "sha512-Pysuw9XpUq5dVc/2SMHpuTY01RFl8fttgcyunjL7eEMhGM3cI4eOmiCycJDVCo/7O7ClfQD3SaI6ftDzqOXYMA==",
      "license": "MIT"
    },
    "node_modules/iconv-lite": {
      "version": "0.4.13",
      "resolved": "https://registry.npmjs.org/iconv-lite/-/iconv-lite-0.4.13.tgz",
      "integrity": "sha1-H4irpKsLFQjoMSrMOTRfNumS4vI=",
      "engines": {
        "node": ">=0.8.0"
      }
    },
    "node_modules/inherits": {
      "version": "2.0.1",
      "resolved": "https://registry.npmjs.org/inherits/-/inherits-2.0.1.tgz",
      "integrity": "sha1-sX0I0ya0Qj5Wjv9xn5GwscvfafE="
    },
    "node_modules/ipaddr.js": {
      "version": "1.1.1",
      "resolved": "https://registry.npmjs.org/ipaddr.js/-/ipaddr.js-1.1.1.tgz",
      "integrity": "sha1-x5HZX1KynBJH1d+AraObinNkcjA=",
      "engines": {
        "node": ">= 0.10"
      }
    },
    "node_modules/lodash": {
      "version": "3.10.1",
      "resolved": "https://registry.npmjs.org/lodash/-/lodash-3.10.1.tgz",
      "integrity": "sha1-W/Rejkm6QYnhfUgnid/RW9FAt7Y="
    },
    "node_modules/media-typer": {
      "version": "0.3.0",
      "resolved": "https://registry.npmjs.org/media-typer/-/media-typer-0.3.0.tgz",
      "integrity": "sha1-hxDXrwqmJvj/+hzgAWhUUmMlV0g=",
      "engines": {
        "node": ">= 0.6"
      }
    },
    "node_modules/merge-descriptors": {
      "version": "1.0.1",
      "resolved": "https://registry.npmjs.org/merge-descriptors/-/merge-descriptors-1.0.1.tgz",
      "integrity": "sha1-sAqqVW3YtEVoFQ7J0blT8/kMu2E="
    },
    "node_modules/methods": {
      "version": "1.1.2",
      "resolved": "https://registry.npmjs.org/methods/-/methods-1.1.2.tgz",
      "integrity": "sha1-VSmk1nZUE07cxSZmVoNbD4Ua/O4=",
      "engines": {
        "node": ">= 0.6"
      }
    },
    "node_modules/mime": {
      "version": "1.3.4",
      "resolved": "https://registry.npmjs.org/mime/-/mime-1.3.4.tgz",
      "integrity": "sha1-EV+eO2s9rylZmDyzjxSaLUDrXVM=",
      "bin": {
        "mime": "cli.js"
      }
    },
    "node_modules/mime-db": {
      "version": "1.24.0",
      "resolved": "https://registry.npmjs.org/mime-db/-/mime-db-1.24.0.tgz",
      "integrity": "sha1-4tE/k58AFsbk6a0lqGUvEmxGfww=",
      "engines": {
        "node": ">= 0.6"
      }
    },
    "node_modules/mime-types": {
      "version": "2.1.12",
      "resolved": "https://registry.npmjs.org/mime-types/-/mime-types-2.1.12.tgz",
      "integrity": "sha1-FSuiVndwIN1GY/VMLnvCY4HnFyk=",
      "dependencies": {
        "mime-db": "~1.24.0"
      },
      "engines": {
        "node": ">= 0.6"
      }
    },
    "node_modules/ms": {
      "version": "0.7.1",
      "resolved": "https://registry.npmjs.org/ms/-/ms-0.7.1.tgz",
      "integrity": "sha1-nNE8A62/8ltl7/3nzoZO6VIBcJg="
    },
    "node_modules/negotiator": {
      "version": "0.6.1",
      "resolved": "https://registry.npmjs.org/negotiator/-/negotiator-0.6.1.tgz",
      "integrity": "sha1-KzJxhOiZIQEXeyhWP7XnECrNDKk=",
      "engines": {
        "node": ">= 0.6"
      }
    },
    "node_modules/on-finished": {
      "version": "2.3.0",
      "resolved": "https://registry.npmjs.org/on-finished/-/on-finished-2.3.0.tgz",
      "integrity": "sha1-IPEzZIGwg811M3mSoWlxqi2QaUc=",
      "dependencies": {
        "ee-first": "1.1.1"
      },
      "engines": {
        "node": ">= 0.8"
      }
    },
    "node_modules/on-headers": {
      "version": "1.0.1",
      "resolved": "https://registry.npmjs.org/on-headers/-/on-headers-1.0.1.tgz",
      "integrity": "sha1-ko9dD0cNSTQmUepnlLCFfBAGk/c=",
      "engines": {
        "node": ">= 0.8"
      }
    },
    "node_modules/parseurl": {
      "version": "1.3.1",
      "resolved": "https://registry.npmjs.org/parseurl/-/parseurl-1.3.1.tgz",
      "integrity": "sha1-yKuMkiO6NIiKpkopeyiFO+wY2lY=",
      "engines": {
        "node": ">= 0.8"
      }
    },
    "node_modules/passport": {
      "version": "0.3.2",
      "resolved": "https://registry.npmjs.org/passport/-/passport-0.3.2.tgz",
      "integrity": "sha1-ndAJ+RXo/glbASSgG4+C2gdRAQI=",
      "dependencies": {
        "passport-strategy": "1.x.x",
        "pause": "0.0.1"
      },
      "engines": {
        "node": ">= 0.4.0"
      }
    },
    "node_modules/passport-http": {
      "version": "0.3.0",
      "resolved": "https://registry.npmjs.org/passport-http/-/passport-http-0.3.0.tgz",
      "integrity": "sha1-juU9Q4C+nGDfIVGSUCmCb3cRVgM=",
      "dependencies": {
        "passport-strategy": "1.x.x"
      },
      "engines": {
        "node": ">= 0.4.0"
      }
    },
    "node_modules/passport-strategy": {
      "version": "1.0.0",
      "resolved": "https://registry.npmjs.org/passport-strategy/-/passport-strategy-1.0.0.tgz",
      "integrity": "sha1-tVOaqPwiWj0a0XlHbd8ja0QPUuQ=",
      "engines": {
        "node": ">= 0.4.0"
      }
    },
    "node_modules/passport-token": {
      "version": "0.2.0",
      "resolved": "https://registry.npmjs.org/passport-token/-/passport-token-0.2.0.tgz",
      "integrity": "sha1-iHTFtOCM3pDbjm6poGDl9b8zIaw=",
      "dependencies": {
        "passport-strategy": "^1.0.0"
      },
      "engines": {
        "node": ">= 0.4.0"
      }
    },
    "node_modules/path-to-regexp": {
      "version": "0.1.7",
      "resolved": "https://registry.npmjs.org/path-to-regexp/-/path-to-regexp-0.1.7.tgz",
      "integrity": "sha1-32BBeABfUi8V60SQ5yR6G/qmf4w="
    },
    "node_modules/pause": {
      "version": "0.0.1",
      "resolved": "https://registry.npmjs.org/pause/-/pause-0.0.1.tgz",
      "integrity": "sha1-HUCLP9t2kjuVQ9lvtMnf1TXZy10="
    },
    "node_modules/pngjs": {
      "version": "3.0.0",
      "resolved": "https://registry.npmjs.org/pngjs/-/pngjs-3.0.0.tgz",
      "integrity": "sha1-LPf1UUJoQnLxaugFVfTf7W+jI5s=",
      "engines": {
        "node": ">=4.0.0"
      }
    },
    "node_modules/proxy-addr": {
      "version": "1.1.2",
      "resolved": "https://registry.npmjs.org/proxy-addr/-/proxy-addr-1.1.2.tgz",
      "integrity": "sha1-tMxfImENlTWCTBI675089zxAujc=",
      "dependencies": {
        "forwarded": "~0.1.0",
        "ipaddr.js": "1.1.1"
      },
      "engines": {
        "node": ">= 0.6"
      }
    },
    "node_modules/q": {
      "version": "1.4.1",
      "resolved": "https://registry.npmjs.org/q/-/q-1.4.1.tgz",
      "integrity": "sha1-VXBbzZPF82c1MMLCy8DCs63cKG4=",
      "deprecated": "You or someone you depend on is using Q, the JavaScript Promise library that gave JavaScript developers strong feelings about promises. They can almost certainly migrate to the native JavaScript promise now. Thank you literally everyone for joining me in this bet against the odds. Be excellent to each other.\n\n(For a CapTP with native promises, see @endo/eventual-send and @endo/captp)",
      "engines": {
        "node": ">=0.6.0",
        "teleport": ">=0.2.0"
      }
    },
    "node_modules/q-json-response": {
      "version": "0.1.3",
      "resolved": "https://registry.npmjs.org/q-json-response/-/q-json-response-0.1.3.tgz",
      "integrity": "sha1-GPqlNl4cjfL97z4QnNoCOHPsP5A=",
      "dependencies": {
        "lodash": "^3.0.1",
        "q": "^1.1.2"
      }
    },
    "node_modules/q-json-response/node_modules/lodash": {
      "version": "3.10.1",
      "resolved": "https://registry.npmjs.org/lodash/-/lodash-3.10.1.tgz",
      "integrity": "sha1-W/Rejkm6QYnhfUgnid/RW9FAt7Y="
    },
    "node_modules/qs": {
      "version": "6.2.0",
      "resolved": "https://registry.npmjs.org/qs/-/qs-6.2.0.tgz",
      "integrity": "sha1-O3hIwDwt7OaalSKw+ujEEm10Xzs=",
      "engines": {
        "node": ">=0.6"
      }
    },
    "node_modules/random-bytes": {
      "version": "1.0.0",
      "resolved": "https://registry.npmjs.org/random-bytes/-/random-bytes-1.0.0.tgz",
      "integrity": "sha1-T2ih3Arli9P7lYSMMDJNt11kNgs=",
      "engines": {
        "node": ">= 0.8"
      }
    },
    "node_modules/range-parser": {
      "version": "1.2.0",
      "resolved": "https://registry.npmjs.org/range-parser/-/range-parser-1.2.0.tgz",
      "integrity": "sha1-9JvmtIeJTdxA3MlKMi9hEJLgDV4=",
      "engines": {
        "node": ">= 0.6"
      }
    },
    "node_modules/raw-body": {
      "version": "2.1.7",
      "resolved": "https://registry.npmjs.org/raw-body/-/raw-body-2.1.7.tgz",
      "integrity": "sha1-rf6s4uT7MJgFgBTQjActzFl1h3Q=",
      "dependencies": {
        "bytes": "2.4.0",
        "iconv-lite": "0.4.13",
        "unpipe": "1.0.0"
      },
      "engines": {
        "node": ">= 0.8"
      }
    },
    "node_modules/safe-buffer": {
      "version": "5.2.1",
      "resolved": "https://registry.npmjs.org/safe-buffer/-/safe-buffer-5.2.1.tgz",
      "integrity": "sha512-rp3So07KcdmmKbGvgaNxQSJr7bGVSVk5S9Eq1F+ppbRo70+YeaDxkw5Dd8NPN+GD6bjnYm2VuPuCXmpuYvmCXQ==",
      "funding": [
        {
          "type": "github",
          "url": "https://github.com/sponsors/feross"
        },
        {
          "type": "patreon",
          "url": "https://www.patreon.com/feross"
        },
        {
          "type": "consulting",
          "url": "https://feross.org/support"
        }
      ],
      "license": "MIT"
    },
    "node_modules/send": {
      "version": "0.14.1",
      "resolved": "https://registry.npmjs.org/send/-/send-0.14.1.tgz",
      "integrity": "sha1-qVSYQyU5L1FTKndgdg5FlZjIn3o=",
      "dependencies": {
        "debug": "~2.2.0",
        "depd": "~1.1.0",
        "destroy": "~1.0.4",
        "encodeurl": "~1.0.1",
        "escape-html": "~1.0.3",
        "etag": "~1.7.0",
        "fresh": "0.3.0",
        "http-errors": "~1.5.0",
        "mime": "1.3.4",
        "ms": "0.7.1",
        "on-finished": "~2.3.0",
        "range-parser": "~1.2.0",
        "statuses": "~1.3.0"
      },
      "engines": {
        "node": ">= 0.8.0"
      }
    },
    "node_modules/serve-static": {
      "version": "1.11.1",
      "resolved": "https://registry.npmjs.org/serve-static/-/serve-static-1.11.1.tgz",
      "integrity": "sha1-1sznaTUF9zPHWd5Xvvwa92wPCAU=",
      "dependencies": {
        "encodeurl": "~1.0.1",
        "escape-html": "~1.0.3",
        "parseurl": "~1.3.1",
        "send": "0.14.1"
      },
      "engines": {
        "node": ">= 0.8.0"
      }
    },
    "node_modules/setprototypeof": {
      "version": "1.0.1",
      "resolved": "https://registry.npmjs.org/setprototypeof/-/setprototypeof-1.0.1.tgz",
      "integrity": "sha1-UgCbJ4iMTcSPWRlJwKgnWDTByn4="
    },
    "node_modules/sockjs": {
      "version": "0.3.24",
      "resolved": "https://registry.npmjs.org/sockjs/-/sockjs-0.3.24.tgz",
      "integrity": "sha512-GJgLTZ7vYb/JtPSSZ10hsOYIvEYsjbNU+zPdIHcUaWVNUEPivzxku31865sSSud0Da0W4lEeOPlmw93zLQchuQ==",
      "license": "MIT",
      "dependencies": {
        "faye-websocket": "^0.11.3",
        "uuid": "^8.3.2",
        "websocket-driver": "^0.7.4"
      }
    },
    "node_modules/statuses": {
      "version": "1.3.0",
      "resolved": "https://registry.npmjs.org/statuses/-/statuses-1.3.0.tgz",
      "integrity": "sha1-jlV1jLIOdoLB9Pzo3KswvwHR4Ho=",
      "engines": {
        "node": ">= 0.6"
      }
    },
    "node_modules/steam-webapi": {
      "version": "0.6.5",
      "resolved": "https://registry.npmjs.org/steam-webapi/-/steam-webapi-0.6.5.tgz",
      "integrity": "sha1-dtPxaM9hO2jDxNTLmWXzMiyoX+M=",
      "dependencies": {
        "qs": "~1.2.2"
      }
    },
    "node_modules/steam-webapi/node_modules/qs": {
      "version": "1.2.2",
      "resolved": "https://registry.npmjs.org/qs/-/qs-1.2.2.tgz",
      "integrity": "sha1-GbV/8k3CqZzh+L32r82ln472H4g="
    },
    "node_modules/type-is": {
      "version": "1.6.13",
      "resolved": "https://registry.npmjs.org/type-is/-/type-is-1.6.13.tgz",
      "integrity": "sha1-boO6e8MM0zp7sLf7AHN6IIW/nQg=",
      "dependencies": {
        "media-typer": "0.3.0",
        "mime-types": "~2.1.11"
      },
      "engines": {
        "node": ">= 0.6"
      }
    },
    "node_modules/uid-safe": {
      "version": "2.1.2",
      "resolved": "https://registry.npmjs.org/uid-safe/-/uid-safe-2.1.2.tgz",
      "integrity": "sha1-yTSzyurQ/c0Pss/zqIdtBv4O4P0=",
      "dependencies": {
        "base64-url": "1.3.2",
        "random-bytes": "~1.0.0"
      },
      "engines": {
        "node": ">= 0.8"
      }
    },
    "node_modules/unpipe": {
      "version": "1.0.0",
      "resolved": "https://registry.npmjs.org/unpipe/-/unpipe-1.0.0.tgz",
      "integrity": "sha1-sr9O6FFKrmFltIF4KdIbLvSZBOw=",
      "engines": {
        "node": ">= 0.8"
      }
    },
    "node_modules/utils-merge": {
      "version": "1.0.0",
      "resolved": "https://registry.npmjs.org/utils-merge/-/utils-merge-1.0.0.tgz",
      "integrity": "sha1-ApT7kiu5N1FTVBxPcJYjHyh8ivg=",
      "engines": {
        "node": ">= 0.4.0"
      }
    },
    "node_modules/uuid": {
      "version": "8.3.2",
      "resolved": "https://registry.npmjs.org/uuid/-/uuid-8.3.2.tgz",
      "integrity": "sha512-+NYs2QeMWy+GWFOEm9xnn6HCDp0l7QBD7ml8zLUmJ+93Q5NF0NocErnwkTkXVFNiX3/fpC6afS8Dhb/gz7R7eg==",
      "license": "MIT",
      "bin": {
        "uuid": "dist/bin/uuid"
      }
    },
    "node_modules/vary": {
      "version": "1.1.0",
      "resolved": "https://registry.npmjs.org/vary/-/vary-1.1.0.tgz",
      "integrity": "sha1-4eWv+70WrnaN0mdDlLmtMCJlMUA=",
      "engines": {
        "node": ">= 0.8"
      }
    },
    "node_modules/websocket-driver": {
      "version": "0.7.4",
      "resolved": "https://registry.npmjs.org/websocket-driver/-/websocket-driver-0.7.4.tgz",
      "integrity": "sha512-b17KeDIQVjvb0ssuSDF2cYXSg2iztliJ4B9WdsuB6J952qCPKmnVq4DyW5motImXHDC1cBT/1UezrJVsKw5zjg==",
      "license": "Apache-2.0",
      "dependencies": {
        "http-parser-js": ">=0.5.1",
        "safe-buffer": ">=5.1.0",
        "websocket-extensions": ">=0.1.1"
      },
      "engines": {
        "node": ">=0.8.0"
      }
    },
    "node_modules/websocket-extensions": {
      "version": "0.1.4",
      "resolved": "https://registry.npmjs.org/websocket-extensions/-/websocket-extensions-0.1.4.tgz",
      "integrity": "sha512-OqedPIGOfsDlo31UNwYbCFMSaO9m9G/0faIHj5/dZFDMFqPTcx6UwqyOy3COEaEOg/9VsGIpdqn62W5KhoKSpg==",
      "license": "Apache-2.0",
      "engines": {
        "node": ">=0.8.0"
      }
    }
  }
}
